// !$*UTF8*$!
{
	archiveVersion = 1;
	classes = {
	};
	objectVersion = 56;
	objects = {

/* Begin PBXBuildFile section */
		9B3FE66C82789EEE659DE2D4 /* Pods_login_screen.framework in Frameworks */ = {isa = PBXBuildFile; fileRef = 2FD016E1E47E181A4FD84DB6 /* Pods_login_screen.framework */; };
		B450212C29F51A85007E25C2 /* AppDelegate.swift in Sources */ = {isa = PBXBuildFile; fileRef = B450212B29F51A85007E25C2 /* AppDelegate.swift */; };
		B450213029F51A85007E25C2 /* LoginViewController.swift in Sources */ = {isa = PBXBuildFile; fileRef = B450212F29F51A85007E25C2 /* LoginViewController.swift */; };
		B450213529F51A86007E25C2 /* Assets.xcassets in Resources */ = {isa = PBXBuildFile; fileRef = B450213429F51A86007E25C2 /* Assets.xcassets */; };
		B450213829F51A86007E25C2 /* LaunchScreen.storyboard in Resources */ = {isa = PBXBuildFile; fileRef = B450213629F51A86007E25C2 /* LaunchScreen.storyboard */; };
		B450214629F52CE4007E25C2 /* Karla-Bold.ttf in Resources */ = {isa = PBXBuildFile; fileRef = B450214429F52CE4007E25C2 /* Karla-Bold.ttf */; };
		B450214729F52CE4007E25C2 /* Karla-Regular.ttf in Resources */ = {isa = PBXBuildFile; fileRef = B450214529F52CE4007E25C2 /* Karla-Regular.ttf */; };
		B450214B29F52D2F007E25C2 /* PlayfairDisplay-Regular.ttf in Resources */ = {isa = PBXBuildFile; fileRef = B450214929F52D2F007E25C2 /* PlayfairDisplay-Regular.ttf */; };
		B450214C29F52D2F007E25C2 /* PlayfairDisplay-Bold.ttf in Resources */ = {isa = PBXBuildFile; fileRef = B450214A29F52D2F007E25C2 /* PlayfairDisplay-Bold.ttf */; };
		B450214E29F53793007E25C2 /* Karla-ExtraBold.ttf in Resources */ = {isa = PBXBuildFile; fileRef = B450214D29F53793007E25C2 /* Karla-ExtraBold.ttf */; };
		B450215029F56414007E25C2 /* LoginBottomSheetViewController.swift in Sources */ = {isa = PBXBuildFile; fileRef = B450214F29F56414007E25C2 /* LoginBottomSheetViewController.swift */; };
/* End PBXBuildFile section */

/* Begin PBXFileReference section */
		2FD016E1E47E181A4FD84DB6 /* Pods_login_screen.framework */ = {isa = PBXFileReference; explicitFileType = wrapper.framework; includeInIndex = 0; path = Pods_login_screen.framework; sourceTree = BUILT_PRODUCTS_DIR; };
		814193DD512C2C857797E34A /* Pods-login-screen.release.xcconfig */ = {isa = PBXFileReference; includeInIndex = 1; lastKnownFileType = text.xcconfig; name = "Pods-login-screen.release.xcconfig"; path = "Target Support Files/Pods-login-screen/Pods-login-screen.release.xcconfig"; sourceTree = "<group>"; };
		B450212829F51A85007E25C2 /* login-screen.app */ = {isa = PBXFileReference; explicitFileType = wrapper.application; includeInIndex = 0; path = "login-screen.app"; sourceTree = BUILT_PRODUCTS_DIR; };
		B450212B29F51A85007E25C2 /* AppDelegate.swift */ = {isa = PBXFileReference; lastKnownFileType = sourcecode.swift; path = AppDelegate.swift; sourceTree = "<group>"; };
		B450212F29F51A85007E25C2 /* LoginViewController.swift */ = {isa = PBXFileReference; lastKnownFileType = sourcecode.swift; path = LoginViewController.swift; sourceTree = "<group>"; };
		B450213429F51A86007E25C2 /* Assets.xcassets */ = {isa = PBXFileReference; lastKnownFileType = folder.assetcatalog; path = Assets.xcassets; sourceTree = "<group>"; };
		B450213729F51A86007E25C2 /* Base */ = {isa = PBXFileReference; lastKnownFileType = file.storyboard; name = Base; path = Base.lproj/LaunchScreen.storyboard; sourceTree = "<group>"; };
		B450213929F51A86007E25C2 /* Info.plist */ = {isa = PBXFileReference; lastKnownFileType = text.plist.xml; path = Info.plist; sourceTree = "<group>"; };
		B450214429F52CE4007E25C2 /* Karla-Bold.ttf */ = {isa = PBXFileReference; lastKnownFileType = file; path = "Karla-Bold.ttf"; sourceTree = "<group>"; };
		B450214529F52CE4007E25C2 /* Karla-Regular.ttf */ = {isa = PBXFileReference; lastKnownFileType = file; path = "Karla-Regular.ttf"; sourceTree = "<group>"; };
		B450214929F52D2F007E25C2 /* PlayfairDisplay-Regular.ttf */ = {isa = PBXFileReference; lastKnownFileType = file; path = "PlayfairDisplay-Regular.ttf"; sourceTree = "<group>"; };
		B450214A29F52D2F007E25C2 /* PlayfairDisplay-Bold.ttf */ = {isa = PBXFileReference; lastKnownFileType = file; path = "PlayfairDisplay-Bold.ttf"; sourceTree = "<group>"; };
		B450214D29F53793007E25C2 /* Karla-ExtraBold.ttf */ = {isa = PBXFileReference; lastKnownFileType = file; path = "Karla-ExtraBold.ttf"; sourceTree = "<group>"; };
		B450214F29F56414007E25C2 /* LoginBottomSheetViewController.swift */ = {isa = PBXFileReference; lastKnownFileType = sourcecode.swift; path = LoginBottomSheetViewController.swift; sourceTree = "<group>"; };
		C7933346B53213E17992F049 /* Pods-login-screen.debug.xcconfig */ = {isa = PBXFileReference; includeInIndex = 1; lastKnownFileType = text.xcconfig; name = "Pods-login-screen.debug.xcconfig"; path = "Target Support Files/Pods-login-screen/Pods-login-screen.debug.xcconfig"; sourceTree = "<group>"; };
/* End PBXFileReference section */

/* Begin PBXFrameworksBuildPhase section */
		B450212529F51A85007E25C2 /* Frameworks */ = {
			isa = PBXFrameworksBuildPhase;
			buildActionMask = 2147483647;
			files = (
				9B3FE66C82789EEE659DE2D4 /* Pods_login_screen.framework in Frameworks */,
			);
			runOnlyForDeploymentPostprocessing = 0;
		};
/* End PBXFrameworksBuildPhase section */

/* Begin PBXGroup section */
		14CEB66FA525EEDD7AEA8338 /* Pods */ = {
			isa = PBXGroup;
			children = (
				C7933346B53213E17992F049 /* Pods-login-screen.debug.xcconfig */,
				814193DD512C2C857797E34A /* Pods-login-screen.release.xcconfig */,
			);
			path = Pods;
			sourceTree = "<group>";
		};
		17ADDD1A0818A5ED9C06F848 /* Frameworks */ = {
			isa = PBXGroup;
			children = (
				2FD016E1E47E181A4FD84DB6 /* Pods_login_screen.framework */,
			);
			name = Frameworks;
			sourceTree = "<group>";
		};
		B450211F29F51A85007E25C2 = {
			isa = PBXGroup;
			children = (
				B450212A29F51A85007E25C2 /* login-screen */,
				B450212929F51A85007E25C2 /* Products */,
				14CEB66FA525EEDD7AEA8338 /* Pods */,
				17ADDD1A0818A5ED9C06F848 /* Frameworks */,
			);
			sourceTree = "<group>";
		};
		B450212929F51A85007E25C2 /* Products */ = {
			isa = PBXGroup;
			children = (
				B450212829F51A85007E25C2 /* login-screen.app */,
			);
			name = Products;
			sourceTree = "<group>";
		};
		B450212A29F51A85007E25C2 /* login-screen */ = {
			isa = PBXGroup;
			children = (
				B450213F29F51B5B007E25C2 /* Supporting Files */,
				B450214029F51B73007E25C2 /* ViewControllers */,
				B450214129F51C2D007E25C2 /* Resources */,
			);
			path = "login-screen";
			sourceTree = "<group>";
		};
		B450213F29F51B5B007E25C2 /* Supporting Files */ = {
			isa = PBXGroup;
			children = (
				B450213629F51A86007E25C2 /* LaunchScreen.storyboard */,
				B450212B29F51A85007E25C2 /* AppDelegate.swift */,
				B450213929F51A86007E25C2 /* Info.plist */,
			);
			path = "Supporting Files";
			sourceTree = "<group>";
		};
		B450214029F51B73007E25C2 /* ViewControllers */ = {
			isa = PBXGroup;
			children = (
				B450212F29F51A85007E25C2 /* LoginViewController.swift */,
				B450214F29F56414007E25C2 /* LoginBottomSheetViewController.swift */,
			);
			path = ViewControllers;
			sourceTree = "<group>";
		};
		B450214129F51C2D007E25C2 /* Resources */ = {
			isa = PBXGroup;
			children = (
				B450214229F52BE4007E25C2 /* Fonts */,
				B450213429F51A86007E25C2 /* Assets.xcassets */,
			);
			path = Resources;
			sourceTree = "<group>";
		};
		B450214229F52BE4007E25C2 /* Fonts */ = {
			isa = PBXGroup;
			children = (
				B450214829F52CEC007E25C2 /* Playfair */,
				B450214329F52BED007E25C2 /* Karla */,
			);
			path = Fonts;
			sourceTree = "<group>";
		};
		B450214329F52BED007E25C2 /* Karla */ = {
			isa = PBXGroup;
			children = (
				B450214429F52CE4007E25C2 /* Karla-Bold.ttf */,
				B450214D29F53793007E25C2 /* Karla-ExtraBold.ttf */,
				B450214529F52CE4007E25C2 /* Karla-Regular.ttf */,
			);
			path = Karla;
			sourceTree = "<group>";
		};
		B450214829F52CEC007E25C2 /* Playfair */ = {
			isa = PBXGroup;
			children = (
				B450214A29F52D2F007E25C2 /* PlayfairDisplay-Bold.ttf */,
				B450214929F52D2F007E25C2 /* PlayfairDisplay-Regular.ttf */,
			);
			path = Playfair;
			sourceTree = "<group>";
		};
/* End PBXGroup section */

/* Begin PBXNativeTarget section */
		B450212729F51A85007E25C2 /* login-screen */ = {
			isa = PBXNativeTarget;
			buildConfigurationList = B450213C29F51A86007E25C2 /* Build configuration list for PBXNativeTarget "login-screen" */;
			buildPhases = (
				2281C9A0F714FD8D4CD85E7D /* [CP] Check Pods Manifest.lock */,
				B450212429F51A85007E25C2 /* Sources */,
				B450212529F51A85007E25C2 /* Frameworks */,
				B450212629F51A85007E25C2 /* Resources */,
				26DAB3A7A51BB990F22F6FAB /* [CP] Embed Pods Frameworks */,
			);
			buildRules = (
			);
			dependencies = (
			);
			name = "login-screen";
			productName = "login-screen";
			productReference = B450212829F51A85007E25C2 /* login-screen.app */;
			productType = "com.apple.product-type.application";
		};
/* End PBXNativeTarget section */

/* Begin PBXProject section */
		B450212029F51A85007E25C2 /* Project object */ = {
			isa = PBXProject;
			attributes = {
				BuildIndependentTargetsInParallel = 1;
				LastSwiftUpdateCheck = 1420;
				LastUpgradeCheck = 1420;
				TargetAttributes = {
					B450212729F51A85007E25C2 = {
						CreatedOnToolsVersion = 14.2;
					};
				};
			};
			buildConfigurationList = B450212329F51A85007E25C2 /* Build configuration list for PBXProject "login-screen" */;
			compatibilityVersion = "Xcode 14.0";
			developmentRegion = en;
			hasScannedForEncodings = 0;
			knownRegions = (
				en,
				Base,
			);
			mainGroup = B450211F29F51A85007E25C2;
			productRefGroup = B450212929F51A85007E25C2 /* Products */;
			projectDirPath = "";
			projectRoot = "";
			targets = (
				B450212729F51A85007E25C2 /* login-screen */,
			);
		};
/* End PBXProject section */

/* Begin PBXResourcesBuildPhase section */
		B450212629F51A85007E25C2 /* Resources */ = {
			isa = PBXResourcesBuildPhase;
			buildActionMask = 2147483647;
			files = (
				B450214C29F52D2F007E25C2 /* PlayfairDisplay-Bold.ttf in Resources */,
				B450214B29F52D2F007E25C2 /* PlayfairDisplay-Regular.ttf in Resources */,
				B450214629F52CE4007E25C2 /* Karla-Bold.ttf in Resources */,
				B450213829F51A86007E25C2 /* LaunchScreen.storyboard in Resources */,
				B450213529F51A86007E25C2 /* Assets.xcassets in Resources */,
				B450214729F52CE4007E25C2 /* Karla-Regular.ttf in Resources */,
				B450214E29F53793007E25C2 /* Karla-ExtraBold.ttf in Resources */,
			);
			runOnlyForDeploymentPostprocessing = 0;
		};
/* End PBXResourcesBuildPhase section */

/* Begin PBXShellScriptBuildPhase section */
		2281C9A0F714FD8D4CD85E7D /* [CP] Check Pods Manifest.lock */ = {
			isa = PBXShellScriptBuildPhase;
			buildActionMask = 2147483647;
			files = (
			);
			inputFileListPaths = (
			);
			inputPaths = (
				"${PODS_PODFILE_DIR_PATH}/Podfile.lock",
				"${PODS_ROOT}/Manifest.lock",
			);
			name = "[CP] Check Pods Manifest.lock";
			outputFileListPaths = (
			);
			outputPaths = (
				"$(DERIVED_FILE_DIR)/Pods-login-screen-checkManifestLockResult.txt",
			);
			runOnlyForDeploymentPostprocessing = 0;
			shellPath = /bin/sh;
			shellScript = "diff \"${PODS_PODFILE_DIR_PATH}/Podfile.lock\" \"${PODS_ROOT}/Manifest.lock\" > /dev/null\nif [ $? != 0 ] ; then\n    # print error to STDERR\n    echo \"error: The sandbox is not in sync with the Podfile.lock. Run 'pod install' or update your CocoaPods installation.\" >&2\n    exit 1\nfi\n# This output is used by Xcode 'outputs' to avoid re-running this script phase.\necho \"SUCCESS\" > \"${SCRIPT_OUTPUT_FILE_0}\"\n";
			showEnvVarsInLog = 0;
		};
		26DAB3A7A51BB990F22F6FAB /* [CP] Embed Pods Frameworks */ = {
			isa = PBXShellScriptBuildPhase;
			buildActionMask = 2147483647;
			files = (
			);
			inputFileListPaths = (
				"${PODS_ROOT}/Target Support Files/Pods-login-screen/Pods-login-screen-frameworks-${CONFIGURATION}-input-files.xcfilelist",
			);
			name = "[CP] Embed Pods Frameworks";
			outputFileListPaths = (
				"${PODS_ROOT}/Target Support Files/Pods-login-screen/Pods-login-screen-frameworks-${CONFIGURATION}-output-files.xcfilelist",
			);
			runOnlyForDeploymentPostprocessing = 0;
			shellPath = /bin/sh;
			shellScript = "\"${PODS_ROOT}/Target Support Files/Pods-login-screen/Pods-login-screen-frameworks.sh\"\n";
			showEnvVarsInLog = 0;
		};
/* End PBXShellScriptBuildPhase section */

/* Begin PBXSourcesBuildPhase section */
		B450212429F51A85007E25C2 /* Sources */ = {
			isa = PBXSourcesBuildPhase;
			buildActionMask = 2147483647;
			files = (
				B450213029F51A85007E25C2 /* LoginViewController.swift in Sources */,
				B450215029F56414007E25C2 /* LoginBottomSheetViewController.swift in Sources */,
				B450212C29F51A85007E25C2 /* AppDelegate.swift in Sources */,
			);
			runOnlyForDeploymentPostprocessing = 0;
		};
/* End PBXSourcesBuildPhase section */

/* Begin PBXVariantGroup section */
		B450213629F51A86007E25C2 /* LaunchScreen.storyboard */ = {
			isa = PBXVariantGroup;
			children = (
				B450213729F51A86007E25C2 /* Base */,
			);
			name = LaunchScreen.storyboard;
			sourceTree = "<group>";
		};
/* End PBXVariantGroup section */

/* Begin XCBuildConfiguration section */
		B450213A29F51A86007E25C2 /* Debug */ = {
			isa = XCBuildConfiguration;
			buildSettings = {
				ALWAYS_SEARCH_USER_PATHS = NO;
				CLANG_ANALYZER_NONNULL = YES;
				CLANG_ANALYZER_NUMBER_OBJECT_CONVERSION = YES_AGGRESSIVE;
				CLANG_CXX_LANGUAGE_STANDARD = "gnu++20";
				CLANG_ENABLE_MODULES = YES;
				CLANG_ENABLE_OBJC_ARC = YES;
				CLANG_ENABLE_OBJC_WEAK = YES;
				CLANG_WARN_BLOCK_CAPTURE_AUTORELEASING = YES;
				CLANG_WARN_BOOL_CONVERSION = YES;
				CLANG_WARN_COMMA = YES;
				CLANG_WARN_CONSTANT_CONVERSION = YES;
				CLANG_WARN_DEPRECATED_OBJC_IMPLEMENTATIONS = YES;
				CLANG_WARN_DIRECT_OBJC_ISA_USAGE = YES_ERROR;
				CLANG_WARN_DOCUMENTATION_COMMENTS = YES;
				CLANG_WARN_EMPTY_BODY = YES;
				CLANG_WARN_ENUM_CONVERSION = YES;
				CLANG_WARN_INFINITE_RECURSION = YES;
				CLANG_WARN_INT_CONVERSION = YES;
				CLANG_WARN_NON_LITERAL_NULL_CONVERSION = YES;
				CLANG_WARN_OBJC_IMPLICIT_RETAIN_SELF = YES;
				CLANG_WARN_OBJC_LITERAL_CONVERSION = YES;
				CLANG_WARN_OBJC_ROOT_CLASS = YES_ERROR;
				CLANG_WARN_QUOTED_INCLUDE_IN_FRAMEWORK_HEADER = YES;
				CLANG_WARN_RANGE_LOOP_ANALYSIS = YES;
				CLANG_WARN_STRICT_PROTOTYPES = YES;
				CLANG_WARN_SUSPICIOUS_MOVE = YES;
				CLANG_WARN_UNGUARDED_AVAILABILITY = YES_AGGRESSIVE;
				CLANG_WARN_UNREACHABLE_CODE = YES;
				CLANG_WARN__DUPLICATE_METHOD_MATCH = YES;
				COPY_PHASE_STRIP = NO;
				DEBUG_INFORMATION_FORMAT = dwarf;
				ENABLE_STRICT_OBJC_MSGSEND = YES;
				ENABLE_TESTABILITY = YES;
				GCC_C_LANGUAGE_STANDARD = gnu11;
				GCC_DYNAMIC_NO_PIC = NO;
				GCC_NO_COMMON_BLOCKS = YES;
				GCC_OPTIMIZATION_LEVEL = 0;
				GCC_PREPROCESSOR_DEFINITIONS = (
					"DEBUG=1",
					"$(inherited)",
				);
				GCC_WARN_64_TO_32_BIT_CONVERSION = YES;
				GCC_WARN_ABOUT_RETURN_TYPE = YES_ERROR;
				GCC_WARN_UNDECLARED_SELECTOR = YES;
				GCC_WARN_UNINITIALIZED_AUTOS = YES_AGGRESSIVE;
				GCC_WARN_UNUSED_FUNCTION = YES;
				GCC_WARN_UNUSED_VARIABLE = YES;
				IPHONEOS_DEPLOYMENT_TARGET = 16.2;
				MTL_ENABLE_DEBUG_INFO = INCLUDE_SOURCE;
				MTL_FAST_MATH = YES;
				ONLY_ACTIVE_ARCH = YES;
				SDKROOT = iphoneos;
				SWIFT_ACTIVE_COMPILATION_CONDITIONS = DEBUG;
				SWIFT_OPTIMIZATION_LEVEL = "-Onone";
			};
			name = Debug;
		};
		B450213B29F51A86007E25C2 /* Release */ = {
			isa = XCBuildConfiguration;
			buildSettings = {
				ALWAYS_SEARCH_USER_PATHS = NO;
				CLANG_ANALYZER_NONNULL = YES;
				CLANG_ANALYZER_NUMBER_OBJECT_CONVERSION = YES_AGGRESSIVE;
				CLANG_CXX_LANGUAGE_STANDARD = "gnu++20";
				CLANG_ENABLE_MODULES = YES;
				CLANG_ENABLE_OBJC_ARC = YES;
				CLANG_ENABLE_OBJC_WEAK = YES;
				CLANG_WARN_BLOCK_CAPTURE_AUTORELEASING = YES;
				CLANG_WARN_BOOL_CONVERSION = YES;
				CLANG_WARN_COMMA = YES;
				CLANG_WARN_CONSTANT_CONVERSION = YES;
				CLANG_WARN_DEPRECATED_OBJC_IMPLEMENTATIONS = YES;
				CLANG_WARN_DIRECT_OBJC_ISA_USAGE = YES_ERROR;
				CLANG_WARN_DOCUMENTATION_COMMENTS = YES;
				CLANG_WARN_EMPTY_BODY = YES;
				CLANG_WARN_ENUM_CONVERSION = YES;
				CLANG_WARN_INFINITE_RECURSION = YES;
				CLANG_WARN_INT_CONVERSION = YES;
				CLANG_WARN_NON_LITERAL_NULL_CONVERSION = YES;
				CLANG_WARN_OBJC_IMPLICIT_RETAIN_SELF = YES;
				CLANG_WARN_OBJC_LITERAL_CONVERSION = YES;
				CLANG_WARN_OBJC_ROOT_CLASS = YES_ERROR;
				CLANG_WARN_QUOTED_INCLUDE_IN_FRAMEWORK_HEADER = YES;
				CLANG_WARN_RANGE_LOOP_ANALYSIS = YES;
				CLANG_WARN_STRICT_PROTOTYPES = YES;
				CLANG_WARN_SUSPICIOUS_MOVE = YES;
				CLANG_WARN_UNGUARDED_AVAILABILITY = YES_AGGRESSIVE;
				CLANG_WARN_UNREACHABLE_CODE = YES;
				CLANG_WARN__DUPLICATE_METHOD_MATCH = YES;
				COPY_PHASE_STRIP = NO;
				DEBUG_INFORMATION_FORMAT = "dwarf-with-dsym";
				ENABLE_NS_ASSERTIONS = NO;
				ENABLE_STRICT_OBJC_MSGSEND = YES;
				GCC_C_LANGUAGE_STANDARD = gnu11;
				GCC_NO_COMMON_BLOCKS = YES;
				GCC_WARN_64_TO_32_BIT_CONVERSION = YES;
				GCC_WARN_ABOUT_RETURN_TYPE = YES_ERROR;
				GCC_WARN_UNDECLARED_SELECTOR = YES;
				GCC_WARN_UNINITIALIZED_AUTOS = YES_AGGRESSIVE;
				GCC_WARN_UNUSED_FUNCTION = YES;
				GCC_WARN_UNUSED_VARIABLE = YES;
				IPHONEOS_DEPLOYMENT_TARGET = 16.2;
				MTL_ENABLE_DEBUG_INFO = NO;
				MTL_FAST_MATH = YES;
				SDKROOT = iphoneos;
				SWIFT_COMPILATION_MODE = wholemodule;
				SWIFT_OPTIMIZATION_LEVEL = "-O";
				VALIDATE_PRODUCT = YES;
			};
			name = Release;
		};
		B450213D29F51A86007E25C2 /* Debug */ = {
			isa = XCBuildConfiguration;
			baseConfigurationReference = C7933346B53213E17992F049 /* Pods-login-screen.debug.xcconfig */;
			buildSettings = {
				ASSETCATALOG_COMPILER_APPICON_NAME = AppIcon;
				ASSETCATALOG_COMPILER_GLOBAL_ACCENT_COLOR_NAME = AccentColor;
				CODE_SIGN_STYLE = Automatic;
				CURRENT_PROJECT_VERSION = 1;
				DEVELOPMENT_TEAM = FWA38784WW;
				GENERATE_INFOPLIST_FILE = YES;
				INFOPLIST_FILE = "login-screen/Supporting Files/Info.plist";
				INFOPLIST_KEY_UIApplicationSupportsIndirectInputEvents = YES;
				INFOPLIST_KEY_UILaunchStoryboardName = LaunchScreen;
				INFOPLIST_KEY_UISupportedInterfaceOrientations_iPad = "UIInterfaceOrientationPortrait UIInterfaceOrientationPortraitUpsideDown UIInterfaceOrientationLandscapeLeft UIInterfaceOrientationLandscapeRight";
				INFOPLIST_KEY_UISupportedInterfaceOrientations_iPhone = "UIInterfaceOrientationPortrait UIInterfaceOrientationLandscapeLeft UIInterfaceOrientationLandscapeRight";
				LD_RUNPATH_SEARCH_PATHS = (
					"$(inherited)",
					"@executable_path/Frameworks",
				);
				MARKETING_VERSION = 1.0;
				PRODUCT_BUNDLE_IDENTIFIER = "kiryanchuk.login-screen";
				PRODUCT_NAME = "$(TARGET_NAME)";
				SWIFT_EMIT_LOC_STRINGS = YES;
				SWIFT_VERSION = 5.0;
				TARGETED_DEVICE_FAMILY = "1,2";
			};
			name = Debug;
		};
		B450213E29F51A86007E25C2 /* Release */ = {
			isa = XCBuildConfiguration;
			baseConfigurationReference = 814193DD512C2C857797E34A /* Pods-login-screen.release.xcconfig */;
			buildSettings = {
				ASSETCATALOG_COMPILER_APPICON_NAME = AppIcon;
				ASSETCATALOG_COMPILER_GLOBAL_ACCENT_COLOR_NAME = AccentColor;
				CODE_SIGN_STYLE = Automatic;
				CURRENT_PROJECT_VERSION = 1;
				DEVELOPMENT_TEAM = FWA38784WW;
				GENERATE_INFOPLIST_FILE = YES;
				INFOPLIST_FILE = "login-screen/Supporting Files/Info.plist";
				INFOPLIST_KEY_UIApplicationSupportsIndirectInputEvents = YES;
				INFOPLIST_KEY_UILaunchStoryboardName = LaunchScreen;
				INFOPLIST_KEY_UISupportedInterfaceOrientations_iPad = "UIInterfaceOrientationPortrait UIInterfaceOrientationPortraitUpsideDown UIInterfaceOrientationLandscapeLeft UIInterfaceOrientationLandscapeRight";
				INFOPLIST_KEY_UISupportedInterfaceOrientations_iPhone = "UIInterfaceOrientationPortrait UIInterfaceOrientationLandscapeLeft UIInterfaceOrientationLandscapeRight";
				LD_RUNPATH_SEARCH_PATHS = (
					"$(inherited)",
					"@executable_path/Frameworks",
				);
				MARKETING_VERSION = 1.0;
				PRODUCT_BUNDLE_IDENTIFIER = "kiryanchuk.login-screen";
				PRODUCT_NAME = "$(TARGET_NAME)";
				SWIFT_EMIT_LOC_STRINGS = YES;
				SWIFT_VERSION = 5.0;
				TARGETED_DEVICE_FAMILY = "1,2";
			};
			name = Release;
		};
/* End XCBuildConfiguration section */

/* Begin XCConfigurationList section */
		B450212329F51A85007E25C2 /* Build configuration list for PBXProject "login-screen" */ = {
			isa = XCConfigurationList;
			buildConfigurations = (
				B450213A29F51A86007E25C2 /* Debug */,
				B450213B29F51A86007E25C2 /* Release */,
			);
			defaultConfigurationIsVisible = 0;
			defaultConfigurationName = Release;
		};
		B450213C29F51A86007E25C2 /* Build configuration list for PBXNativeTarget "login-screen" */ = {
			isa = XCConfigurationList;
			buildConfigurations = (
				B450213D29F51A86007E25C2 /* Debug */,
				B450213E29F51A86007E25C2 /* Release */,
			);
			defaultConfigurationIsVisible = 0;
			defaultConfigurationName = Release;
		};
/* End XCConfigurationList section */
	};
	rootObject = B450212029F51A85007E25C2 /* Project object */;
}
